
Microsoft Visual Studio Solution File, Format Version 12.00
# Visual Studio Version 17
VisualStudioVersion = 17.5.33516.290
MinimumVisualStudioVersion = 10.0.40219.1
Project("{8BC9CEB8-8B4A-11D0-8D11-00A0C91BC942}") = "MathPro001", "MathPro001\MathPro001.vcxproj", "{FC13C70F-0B2C-4048-B252-C80C7668D392}"
EndProject
Global
	GlobalSection(SolutionConfigurationPlatforms) = preSolution
		Debug|x64 = Debug|x64
		Release|x64 = Release|x64
	EndGlobalSection
	GlobalSection(ProjectConfigurationPlatforms) = postSolution
		{FC13C70F-0B2C-4048-B252-C80C7668D392}.Debug|x64.ActiveCfg = Debug|x64
		{FC13C70F-0B2C-4048-B252-C80C7668D392}.Debug|x64.Build.0 = Debug|x64
		{FC13C70F-0B2C-4048-B252-C80C7668D392}.Release|x64.ActiveCfg = Release|x64
		{FC13C70F-0B2C-4048-B252-C80C7668D392}.Release|x64.Build.0 = Release|x64
	EndGlobalSection
	GlobalSection(SolutionProperties) = preSolution
		HideSolutionNode = FALSE
	EndGlobalSection
	GlobalSection(ExtensibilityGlobals) = postSolution
		SolutionGuid = {968D957F-104F-440D-8C66-85E0F9365270}
	EndGlobalSection
EndGlobal
